
Microsoft Visual Studio Solution File, Format Version 12.00
# Visual Studio 15
VisualStudioVersion = 15.0.27130.2027
MinimumVisualStudioVersion = 10.0.40219.1
Project("{888888A0-9F3D-457C-B088-3A5042F75D52}") = "CTCI_Python", "..\CTCI_Python.pyproj", "{D5658457-7767-496D-9F8E-DC2324153CD8}"
EndProject
Global
	GlobalSection(SolutionConfigurationPlatforms) = preSolution
		Debug|Any CPU = Debug|Any CPU
		Release|Any CPU = Release|Any CPU
	EndGlobalSection
	GlobalSection(ProjectConfigurationPlatforms) = postSolution
		{D5658457-7767-496D-9F8E-DC2324153CD8}.Debug|Any CPU.ActiveCfg = Debug|Any CPU
		{D5658457-7767-496D-9F8E-DC2324153CD8}.Release|Any CPU.ActiveCfg = Release|Any CPU
	EndGlobalSection
	GlobalSection(SolutionProperties) = preSolution
		HideSolutionNode = FALSE
	EndGlobalSection
	GlobalSection(ExtensibilityGlobals) = postSolution
		SolutionGuid = {5B818526-266C-41C0-A3B2-88B9A32E82C2}
	EndGlobalSection
EndGlobal
